
Microsoft Visual Studio Solution File, Format Version 12.00
# Visual Studio 15
VisualStudioVersion = 15.0.28307.168
MinimumVisualStudioVersion = 10.0.40219.1
Project("{8BC9CEB8-8B4A-11D0-8D11-00A0C91BC942}") = "Jewels and Stones", "src\Jewels and Stones\Jewels and Stones.vcxproj", "{85C3A572-9475-4129-9F4A-DDFC47BF46AF}"
EndProject
Project("{8BC9CEB8-8B4A-11D0-8D11-00A0C91BC942}") = "Escape The Ghosts", "src\Escape The Ghosts\Escape The Ghosts.vcxproj", "{76FDFBC5-91B8-453F-9A22-B387087330B2}"
EndProject
Project("{8BC9CEB8-8B4A-11D0-8D11-00A0C91BC942}") = "Excel Sheet Column Title", "src\Excel Sheet Column Title\Excel Sheet Column Title.vcxproj", "{C7A25206-240A-47EE-A2B8-6D1E18027C35}"
EndProject
Project("{8BC9CEB8-8B4A-11D0-8D11-00A0C91BC942}") = "Sort", "src\Sort\Sort.vcxproj", "{90B845C4-9B4D-48ED-80A1-FE88A1BFB194}"
EndProject
Project("{8BC9CEB8-8B4A-11D0-8D11-00A0C91BC942}") = "House Robber", "src\House Robber\House Robber.vcxproj", "{0CFD65A4-B7BE-461B-A47E-821DAF525480}"
EndProject
Project("{8BC9CEB8-8B4A-11D0-8D11-00A0C91BC942}") = "Valid Parentheses", "src\Valid Parentheses\Valid Parentheses.vcxproj", "{5C59E580-92BE-4F9C-A98F-44F6BD3B34D6}"
EndProject
Project("{8BC9CEB8-8B4A-11D0-8D11-00A0C91BC942}") = "Merge Two Sorted Lists", "src\Merge Two Sorted Lists\Merge Two Sorted Lists.vcxproj", "{376900E5-B8F3-4A40-9932-4CBE951ABEB0}"
EndProject
Global
	GlobalSection(SolutionConfigurationPlatforms) = preSolution
		Debug|x64 = Debug|x64
		Release|x64 = Release|x64
	EndGlobalSection
	GlobalSection(ProjectConfigurationPlatforms) = postSolution
		{85C3A572-9475-4129-9F4A-DDFC47BF46AF}.Debug|x64.ActiveCfg = Debug|x64
		{85C3A572-9475-4129-9F4A-DDFC47BF46AF}.Debug|x64.Build.0 = Debug|x64
		{85C3A572-9475-4129-9F4A-DDFC47BF46AF}.Release|x64.ActiveCfg = Release|x64
		{85C3A572-9475-4129-9F4A-DDFC47BF46AF}.Release|x64.Build.0 = Release|x64
		{76FDFBC5-91B8-453F-9A22-B387087330B2}.Debug|x64.ActiveCfg = Debug|x64
		{76FDFBC5-91B8-453F-9A22-B387087330B2}.Debug|x64.Build.0 = Debug|x64
		{76FDFBC5-91B8-453F-9A22-B387087330B2}.Release|x64.ActiveCfg = Release|x64
		{76FDFBC5-91B8-453F-9A22-B387087330B2}.Release|x64.Build.0 = Release|x64
		{C7A25206-240A-47EE-A2B8-6D1E18027C35}.Debug|x64.ActiveCfg = Debug|x64
		{C7A25206-240A-47EE-A2B8-6D1E18027C35}.Debug|x64.Build.0 = Debug|x64
		{C7A25206-240A-47EE-A2B8-6D1E18027C35}.Release|x64.ActiveCfg = Release|x64
		{C7A25206-240A-47EE-A2B8-6D1E18027C35}.Release|x64.Build.0 = Release|x64
		{90B845C4-9B4D-48ED-80A1-FE88A1BFB194}.Debug|x64.ActiveCfg = Debug|x64
		{90B845C4-9B4D-48ED-80A1-FE88A1BFB194}.Debug|x64.Build.0 = Debug|x64
		{90B845C4-9B4D-48ED-80A1-FE88A1BFB194}.Release|x64.ActiveCfg = Release|x64
		{90B845C4-9B4D-48ED-80A1-FE88A1BFB194}.Release|x64.Build.0 = Release|x64
		{0CFD65A4-B7BE-461B-A47E-821DAF525480}.Debug|x64.ActiveCfg = Debug|x64
		{0CFD65A4-B7BE-461B-A47E-821DAF525480}.Debug|x64.Build.0 = Debug|x64
		{0CFD65A4-B7BE-461B-A47E-821DAF525480}.Release|x64.ActiveCfg = Release|x64
		{0CFD65A4-B7BE-461B-A47E-821DAF525480}.Release|x64.Build.0 = Release|x64
		{5C59E580-92BE-4F9C-A98F-44F6BD3B34D6}.Debug|x64.ActiveCfg = Debug|x64
		{5C59E580-92BE-4F9C-A98F-44F6BD3B34D6}.Debug|x64.Build.0 = Debug|x64
		{5C59E580-92BE-4F9C-A98F-44F6BD3B34D6}.Release|x64.ActiveCfg = Release|x64
		{5C59E580-92BE-4F9C-A98F-44F6BD3B34D6}.Release|x64.Build.0 = Release|x64
		{376900E5-B8F3-4A40-9932-4CBE951ABEB0}.Debug|x64.ActiveCfg = Debug|x64
		{376900E5-B8F3-4A40-9932-4CBE951ABEB0}.Debug|x64.Build.0 = Debug|x64
		{376900E5-B8F3-4A40-9932-4CBE951ABEB0}.Release|x64.ActiveCfg = Release|x64
		{376900E5-B8F3-4A40-9932-4CBE951ABEB0}.Release|x64.Build.0 = Release|x64
	EndGlobalSection
	GlobalSection(SolutionProperties) = preSolution
		HideSolutionNode = FALSE
	EndGlobalSection
	GlobalSection(ExtensibilityGlobals) = postSolution
		SolutionGuid = {1C26FB53-5948-4FC5-96D7-CDCA0AC080E2}
	EndGlobalSection
EndGlobal
